
Microsoft Visual Studio Solution File, Format Version 12.00
# Visual Studio 2013
VisualStudioVersion = 12.0.40629.0
MinimumVisualStudioVersion = 10.0.40219.1
Project("{FAE04EC0-301F-11D3-BF4B-00C04F79EFBC}") = "AdysTech.CredentialManager", "AdysTech.CredentialManager\AdysTech.CredentialManager.csproj", "{ABA77D40-8D43-42EE-BE03-44E4AD93672A}"
EndProject
Project("{FAE04EC0-301F-11D3-BF4B-00C04F79EFBC}") = "CredentialManager.Test", "CredentialManager.Test\CredentialManager.Test.csproj", "{5DCA2C07-C1F3-424F-B934-F952595586CE}"
EndProject
Global
	GlobalSection(SolutionConfigurationPlatforms) = preSolution
		Debug|Any CPU = Debug|Any CPU
		Release|Any CPU = Release|Any CPU
	EndGlobalSection
	GlobalSection(ProjectConfigurationPlatforms) = postSolution
		{ABA77D40-8D43-42EE-BE03-44E4AD93672A}.Debug|Any CPU.ActiveCfg = Debug|Any CPU
		{ABA77D40-8D43-42EE-BE03-44E4AD93672A}.Debug|Any CPU.Build.0 = Debug|Any CPU
		{ABA77D40-8D43-42EE-BE03-44E4AD93672A}.Release|Any CPU.ActiveCfg = Release|Any CPU
		{ABA77D40-8D43-42EE-BE03-44E4AD93672A}.Release|Any CPU.Build.0 = Release|Any CPU
		{5DCA2C07-C1F3-424F-B934-F952595586CE}.Debug|Any CPU.ActiveCfg = Debug|Any CPU
		{5DCA2C07-C1F3-424F-B934-F952595586CE}.Debug|Any CPU.Build.0 = Debug|Any CPU
		{5DCA2C07-C1F3-424F-B934-F952595586CE}.Release|Any CPU.ActiveCfg = Release|Any CPU
		{5DCA2C07-C1F3-424F-B934-F952595586CE}.Release|Any CPU.Build.0 = Release|Any CPU
	EndGlobalSection
	GlobalSection(SolutionProperties) = preSolution
		HideSolutionNode = FALSE
	EndGlobalSection
EndGlobal
