
Microsoft Visual Studio Solution File, Format Version 12.00
# Visual Studio Version 16
VisualStudioVersion = 16.0.29503.13
MinimumVisualStudioVersion = 10.0.40219.1
Project("{FAE04EC0-301F-11D3-BF4B-00C04F79EFBC}") = "AdysTech.CredentialManager", "src\AdysTech.CredentialManager\AdysTech.CredentialManager.csproj", "{ABA77D40-8D43-42EE-BE03-44E4AD93672A}"
EndProject
Project("{FAE04EC0-301F-11D3-BF4B-00C04F79EFBC}") = "CredentialManager.Test", "tests\CredentialManager.Test\CredentialManager.Test.csproj", "{5DCA2C07-C1F3-424F-B934-F952595586CE}"
EndProject
Project("{2150E333-8FDC-42A3-9474-1A3956D46DE8}") = "Solution Items", "Solution Items", "{EBCE1FF4-81EB-4EC9-A085-2CA0F81100E5}"
	ProjectSection(SolutionItems) = preProject
		.editorconfig = .editorconfig
		appveyor.yml = appveyor.yml
		changelog.md = changelog.md
		README.md = README.md
	EndProjectSection
EndProject
Project("{2150E333-8FDC-42A3-9474-1A3956D46DE8}") = "src", "src", "{0609161C-CF52-44B3-A09E-6CCD4BCCB30F}"
EndProject
Project("{2150E333-8FDC-42A3-9474-1A3956D46DE8}") = "tests", "tests", "{7E19D2AF-C0F0-4229-8E95-5B8ADC0BE732}"
EndProject
Project("{9A19103F-16F7-4668-BE54-9A1E7A4F7556}") = "AdysTech.CredentialManager.Core", "src\AdysTech.CredentialManager.Core\AdysTech.CredentialManager.Core.csproj", "{B21EEA8C-6EAC-4B2C-A16C-BD58C363549C}"
EndProject
Project("{9A19103F-16F7-4668-BE54-9A1E7A4F7556}") = "CredentialManager.Core.Test", "tests\CredentialManager.Core.Test\CredentialManager.Core.Test.csproj", "{6A048AD7-2768-4A08-893E-DB33032DA79C}"
EndProject
Global
	GlobalSection(SolutionConfigurationPlatforms) = preSolution
		Debug|Any CPU = Debug|Any CPU
		Debug|x64 = Debug|x64
		Release|Any CPU = Release|Any CPU
		Release|x64 = Release|x64
	EndGlobalSection
	GlobalSection(ProjectConfigurationPlatforms) = postSolution
		{ABA77D40-8D43-42EE-BE03-44E4AD93672A}.Debug|Any CPU.ActiveCfg = Debug|Any CPU
		{ABA77D40-8D43-42EE-BE03-44E4AD93672A}.Debug|Any CPU.Build.0 = Debug|Any CPU
		{ABA77D40-8D43-42EE-BE03-44E4AD93672A}.Debug|x64.ActiveCfg = Debug|Any CPU
		{ABA77D40-8D43-42EE-BE03-44E4AD93672A}.Debug|x64.Build.0 = Debug|Any CPU
		{ABA77D40-8D43-42EE-BE03-44E4AD93672A}.Release|Any CPU.ActiveCfg = Release|Any CPU
		{ABA77D40-8D43-42EE-BE03-44E4AD93672A}.Release|Any CPU.Build.0 = Release|Any CPU
		{ABA77D40-8D43-42EE-BE03-44E4AD93672A}.Release|x64.ActiveCfg = Release|Any CPU
		{ABA77D40-8D43-42EE-BE03-44E4AD93672A}.Release|x64.Build.0 = Release|Any CPU
		{5DCA2C07-C1F3-424F-B934-F952595586CE}.Debug|Any CPU.ActiveCfg = Debug|Any CPU
		{5DCA2C07-C1F3-424F-B934-F952595586CE}.Debug|Any CPU.Build.0 = Debug|Any CPU
		{5DCA2C07-C1F3-424F-B934-F952595586CE}.Debug|x64.ActiveCfg = Debug|x64
		{5DCA2C07-C1F3-424F-B934-F952595586CE}.Debug|x64.Build.0 = Debug|x64
		{5DCA2C07-C1F3-424F-B934-F952595586CE}.Release|Any CPU.ActiveCfg = Release|Any CPU
		{5DCA2C07-C1F3-424F-B934-F952595586CE}.Release|Any CPU.Build.0 = Release|Any CPU
		{5DCA2C07-C1F3-424F-B934-F952595586CE}.Release|x64.ActiveCfg = Release|x64
		{5DCA2C07-C1F3-424F-B934-F952595586CE}.Release|x64.Build.0 = Release|x64
		{B21EEA8C-6EAC-4B2C-A16C-BD58C363549C}.Debug|Any CPU.ActiveCfg = Debug|Any CPU
		{B21EEA8C-6EAC-4B2C-A16C-BD58C363549C}.Debug|Any CPU.Build.0 = Debug|Any CPU
		{B21EEA8C-6EAC-4B2C-A16C-BD58C363549C}.Debug|x64.ActiveCfg = Debug|Any CPU
		{B21EEA8C-6EAC-4B2C-A16C-BD58C363549C}.Debug|x64.Build.0 = Debug|Any CPU
		{B21EEA8C-6EAC-4B2C-A16C-BD58C363549C}.Release|Any CPU.ActiveCfg = Release|Any CPU
		{B21EEA8C-6EAC-4B2C-A16C-BD58C363549C}.Release|Any CPU.Build.0 = Release|Any CPU
		{B21EEA8C-6EAC-4B2C-A16C-BD58C363549C}.Release|x64.ActiveCfg = Release|Any CPU
		{B21EEA8C-6EAC-4B2C-A16C-BD58C363549C}.Release|x64.Build.0 = Release|Any CPU
		{6A048AD7-2768-4A08-893E-DB33032DA79C}.Debug|Any CPU.ActiveCfg = Debug|Any CPU
		{6A048AD7-2768-4A08-893E-DB33032DA79C}.Debug|Any CPU.Build.0 = Debug|Any CPU
		{6A048AD7-2768-4A08-893E-DB33032DA79C}.Debug|x64.ActiveCfg = Debug|Any CPU
		{6A048AD7-2768-4A08-893E-DB33032DA79C}.Debug|x64.Build.0 = Debug|Any CPU
		{6A048AD7-2768-4A08-893E-DB33032DA79C}.Release|Any CPU.ActiveCfg = Release|Any CPU
		{6A048AD7-2768-4A08-893E-DB33032DA79C}.Release|Any CPU.Build.0 = Release|Any CPU
		{6A048AD7-2768-4A08-893E-DB33032DA79C}.Release|x64.ActiveCfg = Release|Any CPU
		{6A048AD7-2768-4A08-893E-DB33032DA79C}.Release|x64.Build.0 = Release|Any CPU
	EndGlobalSection
	GlobalSection(SolutionProperties) = preSolution
		HideSolutionNode = FALSE
	EndGlobalSection
	GlobalSection(NestedProjects) = preSolution
		{ABA77D40-8D43-42EE-BE03-44E4AD93672A} = {0609161C-CF52-44B3-A09E-6CCD4BCCB30F}
		{5DCA2C07-C1F3-424F-B934-F952595586CE} = {7E19D2AF-C0F0-4229-8E95-5B8ADC0BE732}
		{B21EEA8C-6EAC-4B2C-A16C-BD58C363549C} = {0609161C-CF52-44B3-A09E-6CCD4BCCB30F}
		{6A048AD7-2768-4A08-893E-DB33032DA79C} = {7E19D2AF-C0F0-4229-8E95-5B8ADC0BE732}
	EndGlobalSection
	GlobalSection(ExtensibilityGlobals) = postSolution
		SolutionGuid = {36A3FDA1-ACC5-4934-8E8A-DBE3ACADFE39}
	EndGlobalSection
EndGlobal
